# This file is automatically @generated by Poetry 1.6.1 and should not be changed by hand.

[[package]]
name = "dihub"
version = "0.1.1"
description = "DIHub is a dependency injection framework for Python"
optional = false
python-versions = ">=3.11,<4.0"
files = [
    {file = "dihub-0.1.1-py3-none-any.whl", hash = "sha256:c642d0542b8a057b0445c42cd2736779ccc533781220e2b78f67bf8d0de01f69"},
    {file = "dihub-0.1.1.tar.gz", hash = "sha256:9662c60c86e980776c5ca7c8f08843a9e85bebba1210abf609b87ca44251938d"},
]

[metadata]
lock-version = "2.0"
python-versions = "^3.11"
content-hash = "c32f279e310e6a1f6e5f14e77b78106ced73f05dd290b789d2e0e527f248fdf8"
