# This file is automatically @generated by Poetry 1.6.1 and should not be changed by hand.

[[package]]
name = "dihub"
version = "0.1.9"
description = "DIHub is a dependency injection framework for Python"
optional = false
python-versions = ">=3.11,<4.0"
files = [
    {file = "dihub-0.1.9-py3-none-any.whl", hash = "sha256:0d5438453b3f4912286749ebe250d2ee0cec205ccc3e1bcca7d012566dd3ffbd"},
    {file = "dihub-0.1.9.tar.gz", hash = "sha256:e9822dfdc0351cb882a9b9a9b65fc59712ad1ea87c9ac304278493d51717e646"},
]

[metadata]
lock-version = "2.0"
python-versions = "^3.11"
content-hash = "c32f279e310e6a1f6e5f14e77b78106ced73f05dd290b789d2e0e527f248fdf8"
